
Microsoft Visual Studio Solution File, Format Version 12.00
# Visual Studio Version 16
VisualStudioVersion = 16.0.30804.86
MinimumVisualStudioVersion = 10.0.40219.1
Project("{8BC9CEB8-8B4A-11D0-8D11-00A0C91BC942}") = "BootShellCredentialProvider", "CredentialProvider\BootShellCredentialProvider.vcxproj", "{98E74D71-5237-41FA-8D36-206C0D110626}"
EndProject
Project("{8BC9CEB8-8B4A-11D0-8D11-00A0C91BC942}") = "UserFaceSignUp", "UserFaceSignUp\UserFaceSignUp.vcxproj", "{11D8404E-1D46-407F-8F38-8B6DE5F5CA90}"
EndProject
Project("{8BC9CEB8-8B4A-11D0-8D11-00A0C91BC942}") = "EnvRestore", "EnvRestore\EnvRestore.vcxproj", "{F765F525-93F9-4219-B699-3619D8D6771A}"
EndProject
Project("{8BC9CEB8-8B4A-11D0-8D11-00A0C91BC942}") = "match_VS2017", "luxand\match_VS2017.vcxproj", "{E659C10D-2EF4-4309-8E84-16D7C89AF461}"
EndProject
Global
	GlobalSection(SolutionConfigurationPlatforms) = preSolution
		Debug|Any CPU = Debug|Any CPU
		Debug|ARM = Debug|ARM
		Debug|x64 = Debug|x64
		Debug|x86 = Debug|x86
		MinSizeRel|Any CPU = MinSizeRel|Any CPU
		MinSizeRel|ARM = MinSizeRel|ARM
		MinSizeRel|x64 = MinSizeRel|x64
		MinSizeRel|x86 = MinSizeRel|x86
		Release|Any CPU = Release|Any CPU
		Release|ARM = Release|ARM
		Release|x64 = Release|x64
		Release|x86 = Release|x86
		RelWithDebInfo|Any CPU = RelWithDebInfo|Any CPU
		RelWithDebInfo|ARM = RelWithDebInfo|ARM
		RelWithDebInfo|x64 = RelWithDebInfo|x64
		RelWithDebInfo|x86 = RelWithDebInfo|x86
	EndGlobalSection
	GlobalSection(ProjectConfigurationPlatforms) = postSolution
		{98E74D71-5237-41FA-8D36-206C0D110626}.Debug|Any CPU.ActiveCfg = Debug|Win32
		{98E74D71-5237-41FA-8D36-206C0D110626}.Debug|ARM.ActiveCfg = Debug|Win32
		{98E74D71-5237-41FA-8D36-206C0D110626}.Debug|x64.ActiveCfg = Debug|x64
		{98E74D71-5237-41FA-8D36-206C0D110626}.Debug|x64.Build.0 = Debug|x64
		{98E74D71-5237-41FA-8D36-206C0D110626}.Debug|x86.ActiveCfg = Debug|Win32
		{98E74D71-5237-41FA-8D36-206C0D110626}.Debug|x86.Build.0 = Debug|Win32
		{98E74D71-5237-41FA-8D36-206C0D110626}.MinSizeRel|Any CPU.ActiveCfg = Release|x64
		{98E74D71-5237-41FA-8D36-206C0D110626}.MinSizeRel|Any CPU.Build.0 = Release|x64
		{98E74D71-5237-41FA-8D36-206C0D110626}.MinSizeRel|ARM.ActiveCfg = Release|x64
		{98E74D71-5237-41FA-8D36-206C0D110626}.MinSizeRel|ARM.Build.0 = Release|x64
		{98E74D71-5237-41FA-8D36-206C0D110626}.MinSizeRel|x64.ActiveCfg = Release|x64
		{98E74D71-5237-41FA-8D36-206C0D110626}.MinSizeRel|x64.Build.0 = Release|x64
		{98E74D71-5237-41FA-8D36-206C0D110626}.MinSizeRel|x86.ActiveCfg = Release|Win32
		{98E74D71-5237-41FA-8D36-206C0D110626}.MinSizeRel|x86.Build.0 = Release|Win32
		{98E74D71-5237-41FA-8D36-206C0D110626}.Release|Any CPU.ActiveCfg = Release|Win32
		{98E74D71-5237-41FA-8D36-206C0D110626}.Release|ARM.ActiveCfg = Release|Win32
		{98E74D71-5237-41FA-8D36-206C0D110626}.Release|x64.ActiveCfg = Release|x64
		{98E74D71-5237-41FA-8D36-206C0D110626}.Release|x64.Build.0 = Release|x64
		{98E74D71-5237-41FA-8D36-206C0D110626}.Release|x86.ActiveCfg = Release|Win32
		{98E74D71-5237-41FA-8D36-206C0D110626}.Release|x86.Build.0 = Release|Win32
		{98E74D71-5237-41FA-8D36-206C0D110626}.RelWithDebInfo|Any CPU.ActiveCfg = Release|x64
		{98E74D71-5237-41FA-8D36-206C0D110626}.RelWithDebInfo|Any CPU.Build.0 = Release|x64
		{98E74D71-5237-41FA-8D36-206C0D110626}.RelWithDebInfo|ARM.ActiveCfg = Release|x64
		{98E74D71-5237-41FA-8D36-206C0D110626}.RelWithDebInfo|ARM.Build.0 = Release|x64
		{98E74D71-5237-41FA-8D36-206C0D110626}.RelWithDebInfo|x64.ActiveCfg = Release|x64
		{98E74D71-5237-41FA-8D36-206C0D110626}.RelWithDebInfo|x64.Build.0 = Release|x64
		{98E74D71-5237-41FA-8D36-206C0D110626}.RelWithDebInfo|x86.ActiveCfg = Release|Win32
		{98E74D71-5237-41FA-8D36-206C0D110626}.RelWithDebInfo|x86.Build.0 = Release|Win32
		{11D8404E-1D46-407F-8F38-8B6DE5F5CA90}.Debug|Any CPU.ActiveCfg = Debug|Win32
		{11D8404E-1D46-407F-8F38-8B6DE5F5CA90}.Debug|ARM.ActiveCfg = Debug|Win32
		{11D8404E-1D46-407F-8F38-8B6DE5F5CA90}.Debug|x64.ActiveCfg = Debug|x64
		{11D8404E-1D46-407F-8F38-8B6DE5F5CA90}.Debug|x64.Build.0 = Debug|x64
		{11D8404E-1D46-407F-8F38-8B6DE5F5CA90}.Debug|x86.ActiveCfg = Debug|Win32
		{11D8404E-1D46-407F-8F38-8B6DE5F5CA90}.Debug|x86.Build.0 = Debug|Win32
		{11D8404E-1D46-407F-8F38-8B6DE5F5CA90}.MinSizeRel|Any CPU.ActiveCfg = Debug|Win32
		{11D8404E-1D46-407F-8F38-8B6DE5F5CA90}.MinSizeRel|Any CPU.Build.0 = Debug|Win32
		{11D8404E-1D46-407F-8F38-8B6DE5F5CA90}.MinSizeRel|ARM.ActiveCfg = Debug|Win32
		{11D8404E-1D46-407F-8F38-8B6DE5F5CA90}.MinSizeRel|ARM.Build.0 = Debug|Win32
		{11D8404E-1D46-407F-8F38-8B6DE5F5CA90}.MinSizeRel|x64.ActiveCfg = Debug|x64
		{11D8404E-1D46-407F-8F38-8B6DE5F5CA90}.MinSizeRel|x64.Build.0 = Debug|x64
		{11D8404E-1D46-407F-8F38-8B6DE5F5CA90}.MinSizeRel|x86.ActiveCfg = Debug|Win32
		{11D8404E-1D46-407F-8F38-8B6DE5F5CA90}.MinSizeRel|x86.Build.0 = Debug|Win32
		{11D8404E-1D46-407F-8F38-8B6DE5F5CA90}.Release|Any CPU.ActiveCfg = Release|Win32
		{11D8404E-1D46-407F-8F38-8B6DE5F5CA90}.Release|ARM.ActiveCfg = Release|Win32
		{11D8404E-1D46-407F-8F38-8B6DE5F5CA90}.Release|x64.ActiveCfg = Release|x64
		{11D8404E-1D46-407F-8F38-8B6DE5F5CA90}.Release|x64.Build.0 = Release|x64
		{11D8404E-1D46-407F-8F38-8B6DE5F5CA90}.Release|x86.ActiveCfg = Release|Win32
		{11D8404E-1D46-407F-8F38-8B6DE5F5CA90}.Release|x86.Build.0 = Release|Win32
		{11D8404E-1D46-407F-8F38-8B6DE5F5CA90}.RelWithDebInfo|Any CPU.ActiveCfg = Debug|Win32
		{11D8404E-1D46-407F-8F38-8B6DE5F5CA90}.RelWithDebInfo|Any CPU.Build.0 = Debug|Win32
		{11D8404E-1D46-407F-8F38-8B6DE5F5CA90}.RelWithDebInfo|ARM.ActiveCfg = Debug|Win32
		{11D8404E-1D46-407F-8F38-8B6DE5F5CA90}.RelWithDebInfo|ARM.Build.0 = Debug|Win32
		{11D8404E-1D46-407F-8F38-8B6DE5F5CA90}.RelWithDebInfo|x64.ActiveCfg = Release|x64
		{11D8404E-1D46-407F-8F38-8B6DE5F5CA90}.RelWithDebInfo|x64.Build.0 = Release|x64
		{11D8404E-1D46-407F-8F38-8B6DE5F5CA90}.RelWithDebInfo|x86.ActiveCfg = Release|Win32
		{11D8404E-1D46-407F-8F38-8B6DE5F5CA90}.RelWithDebInfo|x86.Build.0 = Release|Win32
		{F765F525-93F9-4219-B699-3619D8D6771A}.Debug|Any CPU.ActiveCfg = Debug|Win32
		{F765F525-93F9-4219-B699-3619D8D6771A}.Debug|ARM.ActiveCfg = Debug|Win32
		{F765F525-93F9-4219-B699-3619D8D6771A}.Debug|x64.ActiveCfg = Debug|x64
		{F765F525-93F9-4219-B699-3619D8D6771A}.Debug|x64.Build.0 = Debug|x64
		{F765F525-93F9-4219-B699-3619D8D6771A}.Debug|x86.ActiveCfg = Debug|Win32
		{F765F525-93F9-4219-B699-3619D8D6771A}.Debug|x86.Build.0 = Debug|Win32
		{F765F525-93F9-4219-B699-3619D8D6771A}.MinSizeRel|Any CPU.ActiveCfg = Debug|Win32
		{F765F525-93F9-4219-B699-3619D8D6771A}.MinSizeRel|Any CPU.Build.0 = Debug|Win32
		{F765F525-93F9-4219-B699-3619D8D6771A}.MinSizeRel|ARM.ActiveCfg = Debug|Win32
		{F765F525-93F9-4219-B699-3619D8D6771A}.MinSizeRel|ARM.Build.0 = Debug|Win32
		{F765F525-93F9-4219-B699-3619D8D6771A}.MinSizeRel|x64.ActiveCfg = Debug|x64
		{F765F525-93F9-4219-B699-3619D8D6771A}.MinSizeRel|x64.Build.0 = Debug|x64
		{F765F525-93F9-4219-B699-3619D8D6771A}.MinSizeRel|x86.ActiveCfg = Debug|Win32
		{F765F525-93F9-4219-B699-3619D8D6771A}.MinSizeRel|x86.Build.0 = Debug|Win32
		{F765F525-93F9-4219-B699-3619D8D6771A}.Release|Any CPU.ActiveCfg = Release|Win32
		{F765F525-93F9-4219-B699-3619D8D6771A}.Release|ARM.ActiveCfg = Release|Win32
		{F765F525-93F9-4219-B699-3619D8D6771A}.Release|x64.ActiveCfg = Release|x64
		{F765F525-93F9-4219-B699-3619D8D6771A}.Release|x64.Build.0 = Release|x64
		{F765F525-93F9-4219-B699-3619D8D6771A}.Release|x86.ActiveCfg = Release|Win32
		{F765F525-93F9-4219-B699-3619D8D6771A}.Release|x86.Build.0 = Release|Win32
		{F765F525-93F9-4219-B699-3619D8D6771A}.RelWithDebInfo|Any CPU.ActiveCfg = Debug|Win32
		{F765F525-93F9-4219-B699-3619D8D6771A}.RelWithDebInfo|Any CPU.Build.0 = Debug|Win32
		{F765F525-93F9-4219-B699-3619D8D6771A}.RelWithDebInfo|ARM.ActiveCfg = Debug|Win32
		{F765F525-93F9-4219-B699-3619D8D6771A}.RelWithDebInfo|ARM.Build.0 = Debug|Win32
		{F765F525-93F9-4219-B699-3619D8D6771A}.RelWithDebInfo|x64.ActiveCfg = Release|x64
		{F765F525-93F9-4219-B699-3619D8D6771A}.RelWithDebInfo|x64.Build.0 = Release|x64
		{F765F525-93F9-4219-B699-3619D8D6771A}.RelWithDebInfo|x86.ActiveCfg = Release|Win32
		{F765F525-93F9-4219-B699-3619D8D6771A}.RelWithDebInfo|x86.Build.0 = Release|Win32
		{E659C10D-2EF4-4309-8E84-16D7C89AF461}.Debug|Any CPU.ActiveCfg = Debug|Win32
		{E659C10D-2EF4-4309-8E84-16D7C89AF461}.Debug|ARM.ActiveCfg = Debug|Win32
		{E659C10D-2EF4-4309-8E84-16D7C89AF461}.Debug|x64.ActiveCfg = Debug|Win32
		{E659C10D-2EF4-4309-8E84-16D7C89AF461}.Debug|x86.ActiveCfg = Debug|Win32
		{E659C10D-2EF4-4309-8E84-16D7C89AF461}.Debug|x86.Build.0 = Debug|Win32
		{E659C10D-2EF4-4309-8E84-16D7C89AF461}.MinSizeRel|Any CPU.ActiveCfg = Debug|Win32
		{E659C10D-2EF4-4309-8E84-16D7C89AF461}.MinSizeRel|Any CPU.Build.0 = Debug|Win32
		{E659C10D-2EF4-4309-8E84-16D7C89AF461}.MinSizeRel|ARM.ActiveCfg = Debug|Win32
		{E659C10D-2EF4-4309-8E84-16D7C89AF461}.MinSizeRel|ARM.Build.0 = Debug|Win32
		{E659C10D-2EF4-4309-8E84-16D7C89AF461}.MinSizeRel|x64.ActiveCfg = Debug|Win32
		{E659C10D-2EF4-4309-8E84-16D7C89AF461}.MinSizeRel|x64.Build.0 = Debug|Win32
		{E659C10D-2EF4-4309-8E84-16D7C89AF461}.MinSizeRel|x86.ActiveCfg = Debug|Win32
		{E659C10D-2EF4-4309-8E84-16D7C89AF461}.MinSizeRel|x86.Build.0 = Debug|Win32
		{E659C10D-2EF4-4309-8E84-16D7C89AF461}.Release|Any CPU.ActiveCfg = Release|Win32
		{E659C10D-2EF4-4309-8E84-16D7C89AF461}.Release|ARM.ActiveCfg = Release|Win32
		{E659C10D-2EF4-4309-8E84-16D7C89AF461}.Release|x64.ActiveCfg = Release|x64
		{E659C10D-2EF4-4309-8E84-16D7C89AF461}.Release|x86.ActiveCfg = Release|Win32
		{E659C10D-2EF4-4309-8E84-16D7C89AF461}.Release|x86.Build.0 = Release|Win32
		{E659C10D-2EF4-4309-8E84-16D7C89AF461}.RelWithDebInfo|Any CPU.ActiveCfg = Debug|Win32
		{E659C10D-2EF4-4309-8E84-16D7C89AF461}.RelWithDebInfo|Any CPU.Build.0 = Debug|Win32
		{E659C10D-2EF4-4309-8E84-16D7C89AF461}.RelWithDebInfo|ARM.ActiveCfg = Debug|Win32
		{E659C10D-2EF4-4309-8E84-16D7C89AF461}.RelWithDebInfo|ARM.Build.0 = Debug|Win32
		{E659C10D-2EF4-4309-8E84-16D7C89AF461}.RelWithDebInfo|x64.ActiveCfg = Debug|Win32
		{E659C10D-2EF4-4309-8E84-16D7C89AF461}.RelWithDebInfo|x64.Build.0 = Debug|Win32
		{E659C10D-2EF4-4309-8E84-16D7C89AF461}.RelWithDebInfo|x86.ActiveCfg = Release|Win32
		{E659C10D-2EF4-4309-8E84-16D7C89AF461}.RelWithDebInfo|x86.Build.0 = Release|Win32
	EndGlobalSection
	GlobalSection(SolutionProperties) = preSolution
		HideSolutionNode = FALSE
	EndGlobalSection
	GlobalSection(ExtensibilityGlobals) = postSolution
		SolutionGuid = {5433601A-5F97-47FA-AF0A-67FE8A8E6789}
	EndGlobalSection
EndGlobal
